
Microsoft Visual Studio Solution File, Format Version 12.00
# Visual Studio Version 17
VisualStudioVersion = 17.7.34018.315
MinimumVisualStudioVersion = 10.0.40219.1
Project("{FAE04EC0-301F-11D3-BF4B-00C04F79EFBC}") = "TP04", "TP04.csproj", "{3B508DD6-489F-431C-B258-0863E854970F}"
EndProject
Project("{FAE04EC0-301F-11D3-BF4B-00C04F79EFBC}") = "WebAPI", "..\WebAPI\WebAPI.csproj", "{11E41B8C-55CC-4DDC-B551-594B7B251225}"
EndProject
Project("{FAE04EC0-301F-11D3-BF4B-00C04F79EFBC}") = "WebAPI_SDK", "..\WebAPI_SDK\WebAPI_SDK.csproj", "{DB5F029B-AC7D-4BA3-BDD0-A4435AD379D3}"
EndProject
Global
	GlobalSection(SolutionConfigurationPlatforms) = preSolution
		Debug|Any CPU = Debug|Any CPU
		Release|Any CPU = Release|Any CPU
	EndGlobalSection
	GlobalSection(ProjectConfigurationPlatforms) = postSolution
		{3B508DD6-489F-431C-B258-0863E854970F}.Debug|Any CPU.ActiveCfg = Debug|Any CPU
		{3B508DD6-489F-431C-B258-0863E854970F}.Debug|Any CPU.Build.0 = Debug|Any CPU
		{3B508DD6-489F-431C-B258-0863E854970F}.Release|Any CPU.ActiveCfg = Release|Any CPU
		{3B508DD6-489F-431C-B258-0863E854970F}.Release|Any CPU.Build.0 = Release|Any CPU
		{11E41B8C-55CC-4DDC-B551-594B7B251225}.Debug|Any CPU.ActiveCfg = Debug|Any CPU
		{11E41B8C-55CC-4DDC-B551-594B7B251225}.Debug|Any CPU.Build.0 = Debug|Any CPU
		{11E41B8C-55CC-4DDC-B551-594B7B251225}.Release|Any CPU.ActiveCfg = Release|Any CPU
		{11E41B8C-55CC-4DDC-B551-594B7B251225}.Release|Any CPU.Build.0 = Release|Any CPU
		{DB5F029B-AC7D-4BA3-BDD0-A4435AD379D3}.Debug|Any CPU.ActiveCfg = Debug|Any CPU
		{DB5F029B-AC7D-4BA3-BDD0-A4435AD379D3}.Debug|Any CPU.Build.0 = Debug|Any CPU
		{DB5F029B-AC7D-4BA3-BDD0-A4435AD379D3}.Release|Any CPU.ActiveCfg = Release|Any CPU
		{DB5F029B-AC7D-4BA3-BDD0-A4435AD379D3}.Release|Any CPU.Build.0 = Release|Any CPU
	EndGlobalSection
	GlobalSection(SolutionProperties) = preSolution
		HideSolutionNode = FALSE
	EndGlobalSection
	GlobalSection(ExtensibilityGlobals) = postSolution
		SolutionGuid = {6C651254-8AD7-470F-AEEF-10204A6F23E7}
	EndGlobalSection
EndGlobal
